
Microsoft Visual Studio Solution File, Format Version 12.00
# Visual Studio 15
VisualStudioVersion = 15.0.27703.1
MinimumVisualStudioVersion = 10.0.40219.1
Project("{FAE04EC0-301F-11D3-BF4B-00C04F79EFBC}") = "Esercizio1", "Esercizio1\Esercizio1.csproj", "{1D646E94-5940-4571-AEDA-4ABD8A65CA8C}"
EndProject
Project("{FAE04EC0-301F-11D3-BF4B-00C04F79EFBC}") = "Esercizio2", "Esercizio2\Esercizio2.csproj", "{79568C8E-45DC-4898-B403-4A164A4E24DF}"
EndProject
Project("{FAE04EC0-301F-11D3-BF4B-00C04F79EFBC}") = "Esercizio3", "Esercizio3\Esercizio3.csproj", "{022809AF-8B5D-4F27-92D7-1D42C2749936}"
EndProject
Project("{FAE04EC0-301F-11D3-BF4B-00C04F79EFBC}") = "MVC", "MVC\MVC.csproj", "{EFE80347-1024-4D5A-A072-99D32A98A70A}"
EndProject
Project("{FAE04EC0-301F-11D3-BF4B-00C04F79EFBC}") = "MVC.Tests", "MVC.Tests\MVC.Tests.csproj", "{D8920F92-E1C7-4B30-8A08-45A04BD00718}"
EndProject
Global
	GlobalSection(SolutionConfigurationPlatforms) = preSolution
		Debug|Any CPU = Debug|Any CPU
		Release|Any CPU = Release|Any CPU
	EndGlobalSection
	GlobalSection(ProjectConfigurationPlatforms) = postSolution
		{1D646E94-5940-4571-AEDA-4ABD8A65CA8C}.Debug|Any CPU.ActiveCfg = Debug|Any CPU
		{1D646E94-5940-4571-AEDA-4ABD8A65CA8C}.Debug|Any CPU.Build.0 = Debug|Any CPU
		{1D646E94-5940-4571-AEDA-4ABD8A65CA8C}.Release|Any CPU.ActiveCfg = Release|Any CPU
		{1D646E94-5940-4571-AEDA-4ABD8A65CA8C}.Release|Any CPU.Build.0 = Release|Any CPU
		{79568C8E-45DC-4898-B403-4A164A4E24DF}.Debug|Any CPU.ActiveCfg = Debug|Any CPU
		{79568C8E-45DC-4898-B403-4A164A4E24DF}.Debug|Any CPU.Build.0 = Debug|Any CPU
		{79568C8E-45DC-4898-B403-4A164A4E24DF}.Release|Any CPU.ActiveCfg = Release|Any CPU
		{79568C8E-45DC-4898-B403-4A164A4E24DF}.Release|Any CPU.Build.0 = Release|Any CPU
		{022809AF-8B5D-4F27-92D7-1D42C2749936}.Debug|Any CPU.ActiveCfg = Debug|Any CPU
		{022809AF-8B5D-4F27-92D7-1D42C2749936}.Debug|Any CPU.Build.0 = Debug|Any CPU
		{022809AF-8B5D-4F27-92D7-1D42C2749936}.Release|Any CPU.ActiveCfg = Release|Any CPU
		{022809AF-8B5D-4F27-92D7-1D42C2749936}.Release|Any CPU.Build.0 = Release|Any CPU
		{EFE80347-1024-4D5A-A072-99D32A98A70A}.Debug|Any CPU.ActiveCfg = Debug|Any CPU
		{EFE80347-1024-4D5A-A072-99D32A98A70A}.Debug|Any CPU.Build.0 = Debug|Any CPU
		{EFE80347-1024-4D5A-A072-99D32A98A70A}.Release|Any CPU.ActiveCfg = Release|Any CPU
		{EFE80347-1024-4D5A-A072-99D32A98A70A}.Release|Any CPU.Build.0 = Release|Any CPU
		{D8920F92-E1C7-4B30-8A08-45A04BD00718}.Debug|Any CPU.ActiveCfg = Debug|Any CPU
		{D8920F92-E1C7-4B30-8A08-45A04BD00718}.Debug|Any CPU.Build.0 = Debug|Any CPU
		{D8920F92-E1C7-4B30-8A08-45A04BD00718}.Release|Any CPU.ActiveCfg = Release|Any CPU
		{D8920F92-E1C7-4B30-8A08-45A04BD00718}.Release|Any CPU.Build.0 = Release|Any CPU
	EndGlobalSection
	GlobalSection(SolutionProperties) = preSolution
		HideSolutionNode = FALSE
	EndGlobalSection
	GlobalSection(ExtensibilityGlobals) = postSolution
		SolutionGuid = {B6CE84F0-FEAF-48A8-B5CA-BE13702B9018}
	EndGlobalSection
EndGlobal
